Microsoft Visual Studio Solution File, Format Version 12.00
# Visual Studio Version 17
VisualStudioVersion = 17.4.33213.308
MinimumVisualStudioVersion = 10.0.40219.1
Project("{2150E333-8FDC-42A3-9474-1A3956D46DE8}") = "Solution Items", "Solution Items", "{B0F531C7-9D14-4F81-B809-D6429D4103FC}"
    ProjectSection(SolutionItems) = preProject
        .editorconfig = .editorconfig
        .gitignore = .gitignore
        stylecop.json = stylecop.json
        GlobalSuppressions.cs = GlobalSuppressions.cs
        Directory.Build.props = Directory.Build.props
    EndProjectSection
EndProject
Project("{9A19103F-16F7-4668-BE54-9A1E7A4F7556}") = "TbClient", "tbClient\TbClient.csproj", "{4D782E36-9769-4B10-8D5F-F1F3648F8D74}"
EndProject
Project("{9A19103F-16F7-4668-BE54-9A1E7A4F7556}") = "tbm.Shared", "shared\tbm.Shared.csproj", "{D7F086F7-6DBF-4C26-AB68-0093063FF755}"
EndProject
Project("{9A19103F-16F7-4668-BE54-9A1E7A4F7556}") = "tbm.Crawler", "crawler\tbm.Crawler.csproj", "{3DAC21AE-4493-4CF2-B887-203A781C12AA}"
EndProject
Project("{9A19103F-16F7-4668-BE54-9A1E7A4F7556}") = "tbm.ImagePipeline", "imagePipeline\tbm.ImagePipeline.csproj", "{3DC9F1EC-5F76-4F78-9F00-99908CED450B}"
EndProject
Global
    GlobalSection(SolutionConfigurationPlatforms) = preSolution
        Debug|Any CPU = Debug|Any CPU
        Release|Any CPU = Release|Any CPU
    EndGlobalSection
    GlobalSection(ProjectConfigurationPlatforms) = postSolution
        {D7F086F7-6DBF-4C26-AB68-0093063FF755}.Debug|Any CPU.ActiveCfg = Debug|Any CPU
        {D7F086F7-6DBF-4C26-AB68-0093063FF755}.Debug|Any CPU.Build.0 = Debug|Any CPU
        {D7F086F7-6DBF-4C26-AB68-0093063FF755}.Release|Any CPU.ActiveCfg = Release|Any CPU
        {D7F086F7-6DBF-4C26-AB68-0093063FF755}.Release|Any CPU.Build.0 = Release|Any CPU
        {3DAC21AE-4493-4CF2-B887-203A781C12AA}.Debug|Any CPU.ActiveCfg = Debug|Any CPU
        {3DAC21AE-4493-4CF2-B887-203A781C12AA}.Debug|Any CPU.Build.0 = Debug|Any CPU
        {3DAC21AE-4493-4CF2-B887-203A781C12AA}.Release|Any CPU.ActiveCfg = Release|Any CPU
        {3DAC21AE-4493-4CF2-B887-203A781C12AA}.Release|Any CPU.Build.0 = Release|Any CPU
        {3DC9F1EC-5F76-4F78-9F00-99908CED450B}.Debug|Any CPU.ActiveCfg = Debug|Any CPU
        {3DC9F1EC-5F76-4F78-9F00-99908CED450B}.Debug|Any CPU.Build.0 = Debug|Any CPU
        {3DC9F1EC-5F76-4F78-9F00-99908CED450B}.Release|Any CPU.ActiveCfg = Release|Any CPU
        {3DC9F1EC-5F76-4F78-9F00-99908CED450B}.Release|Any CPU.Build.0 = Release|Any CPU
        {4D782E36-9769-4B10-8D5F-F1F3648F8D74}.Debug|Any CPU.ActiveCfg = Debug|Any CPU
        {4D782E36-9769-4B10-8D5F-F1F3648F8D74}.Debug|Any CPU.Build.0 = Debug|Any CPU
        {4D782E36-9769-4B10-8D5F-F1F3648F8D74}.Release|Any CPU.ActiveCfg = Release|Any CPU
        {4D782E36-9769-4B10-8D5F-F1F3648F8D74}.Release|Any CPU.Build.0 = Release|Any CPU
    EndGlobalSection
    GlobalSection(SolutionProperties) = preSolution
        HideSolutionNode = FALSE
    EndGlobalSection
    GlobalSection(ExtensibilityGlobals) = postSolution
        SolutionGuid = {A136C5D5-62D8-4451-B139-33124D2A44E5}
    EndGlobalSection
EndGlobal
