{
  "version": 1,
  "dependencies": {
    "net7.0": {
      "Google.Protobuf": {
        "type": "Direct",
        "requested": "[3.25.2, )",
        "resolved": "3.25.2",
        "contentHash": "g/xIIeLhR77bl4ajGGbPYRmZf5acJlCRaSBqUnU8+2aQYREnZnv+UccRNndHof4mWO1ORS0b5i6on40VOjBpsg=="
      }
    },
    "net7.0/linux-x64": {}
  }
}