{
  "version": 1,
  "dependencies": {
    "net8.0": {
      "Google.Protobuf": {
        "type": "Direct",
        "requested": "[3.27.2, )",
        "resolved": "3.27.2",
        "contentHash": "0wdgA3LO9mBS477jieBFs4pU1sWhVtwv/P+i9nAEiFDQyUA7PPHDBbJL1CeqYtV18jLiq9og4n7wSVCO171OBg=="
      }
    }
  }
}