{
  "version": 1,
  "dependencies": {
    "net9.0": {
      "Google.Protobuf": {
        "type": "Direct",
        "requested": "[3.30.2, )",
        "resolved": "3.30.2",
        "contentHash": "Y2aOVLIt75yeeEWigg9V9YnjsEm53sADtLGq0gLhwaXpk3iu8tYSoauolyhenagA2sWno2TQ2WujI0HQd6s1Vw=="
      }
    }
  }
}